
Microsoft Visual Studio Solution File, Format Version 12.00
# Visual Studio 14
VisualStudioVersion = 14.0.25420.1
MinimumVisualStudioVersion = 10.0.40219.1
Project("{FAE04EC0-301F-11D3-BF4B-00C04F79EFBC}") = "TestITM", "TestITM\TestITM.csproj", "{1272B68E-5C12-45FF-A16B-232AC3DD69F2}"
EndProject
Project("{FAE04EC0-301F-11D3-BF4B-00C04F79EFBC}") = "TestITM.Tests", "TestITM.Tests\TestITM.Tests.csproj", "{EC2B1538-CF92-4B2F-B85E-6793803AEA50}"
EndProject
Project("{FAE04EC0-301F-11D3-BF4B-00C04F79EFBC}") = "Data", "Data\Data.csproj", "{8FA47802-13B9-4B55-B4C7-55DCB135DF27}"
EndProject
Project("{FAE04EC0-301F-11D3-BF4B-00C04F79EFBC}") = "Store", "Store\Store.csproj", "{46B082A3-27B4-4DF8-B5AB-28A51849D53E}"
EndProject
Global
	GlobalSection(SolutionConfigurationPlatforms) = preSolution
		Debug|Any CPU = Debug|Any CPU
		Release|Any CPU = Release|Any CPU
	EndGlobalSection
	GlobalSection(ProjectConfigurationPlatforms) = postSolution
		{1272B68E-5C12-45FF-A16B-232AC3DD69F2}.Debug|Any CPU.ActiveCfg = Debug|Any CPU
		{1272B68E-5C12-45FF-A16B-232AC3DD69F2}.Debug|Any CPU.Build.0 = Debug|Any CPU
		{1272B68E-5C12-45FF-A16B-232AC3DD69F2}.Release|Any CPU.ActiveCfg = Release|Any CPU
		{1272B68E-5C12-45FF-A16B-232AC3DD69F2}.Release|Any CPU.Build.0 = Release|Any CPU
		{EC2B1538-CF92-4B2F-B85E-6793803AEA50}.Debug|Any CPU.ActiveCfg = Debug|Any CPU
		{EC2B1538-CF92-4B2F-B85E-6793803AEA50}.Debug|Any CPU.Build.0 = Debug|Any CPU
		{EC2B1538-CF92-4B2F-B85E-6793803AEA50}.Release|Any CPU.ActiveCfg = Release|Any CPU
		{EC2B1538-CF92-4B2F-B85E-6793803AEA50}.Release|Any CPU.Build.0 = Release|Any CPU
		{8FA47802-13B9-4B55-B4C7-55DCB135DF27}.Debug|Any CPU.ActiveCfg = Debug|Any CPU
		{8FA47802-13B9-4B55-B4C7-55DCB135DF27}.Debug|Any CPU.Build.0 = Debug|Any CPU
		{8FA47802-13B9-4B55-B4C7-55DCB135DF27}.Release|Any CPU.ActiveCfg = Release|Any CPU
		{8FA47802-13B9-4B55-B4C7-55DCB135DF27}.Release|Any CPU.Build.0 = Release|Any CPU
		{46B082A3-27B4-4DF8-B5AB-28A51849D53E}.Debug|Any CPU.ActiveCfg = Debug|Any CPU
		{46B082A3-27B4-4DF8-B5AB-28A51849D53E}.Debug|Any CPU.Build.0 = Debug|Any CPU
		{46B082A3-27B4-4DF8-B5AB-28A51849D53E}.Release|Any CPU.ActiveCfg = Release|Any CPU
		{46B082A3-27B4-4DF8-B5AB-28A51849D53E}.Release|Any CPU.Build.0 = Release|Any CPU
	EndGlobalSection
	GlobalSection(SolutionProperties) = preSolution
		HideSolutionNode = FALSE
	EndGlobalSection
EndGlobal
